github.com/wiggin77/cfg v1.0.2 h1:NBUX+iJRr+RTncTqTNvajHwzduqbhCQjEqxLHr6Fk7A=
github.com/wiggin77/cfg v1.0.2/go.mod h1:b3gotba2e5bXTqTW48DwIFoLc+4lWKP7WPi/CdvZ4aE=
github.com/wiggin77/merror v1.0.2 h1:V0nH9eFp64ASyaXC+pB5WpvBoCg7NUwvaCSKdzlcHqw=
github.com/wiggin77/merror v1.0.2/go.mod h1:uQTcIU0Z6jRK4OwqganPYerzQxSFJ4GSHM3aurxxQpg=
